
Microsoft Visual Studio Solution File, Format Version 12.00
# Visual Studio Version 17
VisualStudioVersion = 17.8.34309.116
MinimumVisualStudioVersion = 10.0.40219.1
Project("{FAE04EC0-301F-11D3-BF4B-00C04F79EFBC}") = "ThuVienVip_ASM2", "ThuVienVip_ASM2\ThuVienVip_ASM2.csproj", "{30C86955-92B8-4AB4-8E3E-149A22728C95}"
EndProject
Global
	GlobalSection(SolutionConfigurationPlatforms) = preSolution
		Debug|Any CPU = Debug|Any CPU
		Release|Any CPU = Release|Any CPU
	EndGlobalSection
	GlobalSection(ProjectConfigurationPlatforms) = postSolution
		{30C86955-92B8-4AB4-8E3E-149A22728C95}.Debug|Any CPU.ActiveCfg = Debug|Any CPU
		{30C86955-92B8-4AB4-8E3E-149A22728C95}.Debug|Any CPU.Build.0 = Debug|Any CPU
		{30C86955-92B8-4AB4-8E3E-149A22728C95}.Release|Any CPU.ActiveCfg = Release|Any CPU
		{30C86955-92B8-4AB4-8E3E-149A22728C95}.Release|Any CPU.Build.0 = Release|Any CPU
	EndGlobalSection
	GlobalSection(SolutionProperties) = preSolution
		HideSolutionNode = FALSE
	EndGlobalSection
	GlobalSection(ExtensibilityGlobals) = postSolution
		SolutionGuid = {AD94F1F7-C2E0-4ADA-80D7-7FCAFDA141B2}
	EndGlobalSection
EndGlobal
